
Microsoft Visual Studio Solution File, Format Version 12.00
# Visual Studio 15
VisualStudioVersion = 15.0.28010.0
MinimumVisualStudioVersion = 10.0.40219.1
Project("{FAE04EC0-301F-11D3-BF4B-00C04F79EFBC}") = "MimeDetective", "MimeDetective\MimeDetective.csproj", "{808E29FE-EF7A-4B04-858B-414238956BC3}"
EndProject
Project("{FAE04EC0-301F-11D3-BF4B-00C04F79EFBC}") = "Testing", "Testing\Testing.csproj", "{D86D9E02-399F-442F-8F24-6486A4E648D0}"
EndProject
Global
	GlobalSection(SolutionConfigurationPlatforms) = preSolution
		Debug|Any CPU = Debug|Any CPU
		Release|Any CPU = Release|Any CPU
	EndGlobalSection
	GlobalSection(ProjectConfigurationPlatforms) = postSolution
		{808E29FE-EF7A-4B04-858B-414238956BC3}.Debug|Any CPU.ActiveCfg = Debug|Any CPU
		{808E29FE-EF7A-4B04-858B-414238956BC3}.Debug|Any CPU.Build.0 = Debug|Any CPU
		{808E29FE-EF7A-4B04-858B-414238956BC3}.Release|Any CPU.ActiveCfg = Release|Any CPU
		{808E29FE-EF7A-4B04-858B-414238956BC3}.Release|Any CPU.Build.0 = Release|Any CPU
		{D86D9E02-399F-442F-8F24-6486A4E648D0}.Debug|Any CPU.ActiveCfg = Debug|Any CPU
		{D86D9E02-399F-442F-8F24-6486A4E648D0}.Debug|Any CPU.Build.0 = Debug|Any CPU
		{D86D9E02-399F-442F-8F24-6486A4E648D0}.Release|Any CPU.ActiveCfg = Release|Any CPU
		{D86D9E02-399F-442F-8F24-6486A4E648D0}.Release|Any CPU.Build.0 = Release|Any CPU
	EndGlobalSection
	GlobalSection(SolutionProperties) = preSolution
		HideSolutionNode = FALSE
	EndGlobalSection
	GlobalSection(ExtensibilityGlobals) = postSolution
		SolutionGuid = {7F007090-B24E-4D4E-B7FC-D3B02CE91C70}
	EndGlobalSection
EndGlobal
